
Microsoft Visual Studio Solution File, Format Version 12.00
# Visual Studio Version 17
VisualStudioVersion = 17.5.33627.172
MinimumVisualStudioVersion = 10.0.40219.1
Project("{FAE04EC0-301F-11D3-BF4B-00C04F79EFBC}") = "Ex1", "Ex1\Ex1.csproj", "{0F588BD2-E567-4392-A3F3-8345AEB282B2}"
EndProject
Global
	GlobalSection(SolutionConfigurationPlatforms) = preSolution
		Debug|Any CPU = Debug|Any CPU
		Release|Any CPU = Release|Any CPU
	EndGlobalSection
	GlobalSection(ProjectConfigurationPlatforms) = postSolution
		{0F588BD2-E567-4392-A3F3-8345AEB282B2}.Debug|Any CPU.ActiveCfg = Debug|Any CPU
		{0F588BD2-E567-4392-A3F3-8345AEB282B2}.Debug|Any CPU.Build.0 = Debug|Any CPU
		{0F588BD2-E567-4392-A3F3-8345AEB282B2}.Release|Any CPU.ActiveCfg = Release|Any CPU
		{0F588BD2-E567-4392-A3F3-8345AEB282B2}.Release|Any CPU.Build.0 = Release|Any CPU
	EndGlobalSection
	GlobalSection(SolutionProperties) = preSolution
		HideSolutionNode = FALSE
	EndGlobalSection
	GlobalSection(ExtensibilityGlobals) = postSolution
		SolutionGuid = {4D236AA9-7141-4D8A-ABB4-FB10FDDB4DE9}
	EndGlobalSection
EndGlobal
